
Microsoft Visual Studio Solution File, Format Version 12.00
# Visual Studio Version 17
VisualStudioVersion = 17.0.31903.59
MinimumVisualStudioVersion = 10.0.40219.1
Project("{FAE04EC0-301F-11D3-BF4B-00C04F79EFBC}") = "Mandelbrot4", "Mandelbrot4\Mandelbrot4.csproj", "{38C041A3-C60F-45C7-B5DF-AC036BB0CF22}"
EndProject
Global
	GlobalSection(SolutionConfigurationPlatforms) = preSolution
		Debug|Any CPU = Debug|Any CPU
		Release|Any CPU = Release|Any CPU
	EndGlobalSection
	GlobalSection(ProjectConfigurationPlatforms) = postSolution
		{38C041A3-C60F-45C7-B5DF-AC036BB0CF22}.Debug|Any CPU.ActiveCfg = Debug|Any CPU
		{38C041A3-C60F-45C7-B5DF-AC036BB0CF22}.Debug|Any CPU.Build.0 = Debug|Any CPU
		{38C041A3-C60F-45C7-B5DF-AC036BB0CF22}.Release|Any CPU.ActiveCfg = Release|Any CPU
		{38C041A3-C60F-45C7-B5DF-AC036BB0CF22}.Release|Any CPU.Build.0 = Release|Any CPU
	EndGlobalSection
	GlobalSection(SolutionProperties) = preSolution
		HideSolutionNode = FALSE
	EndGlobalSection
	GlobalSection(ExtensibilityGlobals) = postSolution
		SolutionGuid = {09C7A899-88F6-4C31-BD15-6A0945B250A9}
	EndGlobalSection
EndGlobal
